
Microsoft Visual Studio Solution File, Format Version 12.00
# Visual Studio Version 17
VisualStudioVersion = 17.1.32228.430
MinimumVisualStudioVersion = 10.0.40219.1
Project("{FAE04EC0-301F-11D3-BF4B-00C04F79EFBC}") = "Permutasyon", "Permutasyon\Permutasyon.csproj", "{8A8BCD46-CC68-44E0-92BF-421AC8C1A711}"
EndProject
Global
	GlobalSection(SolutionConfigurationPlatforms) = preSolution
		Debug|Any CPU = Debug|Any CPU
		Release|Any CPU = Release|Any CPU
	EndGlobalSection
	GlobalSection(ProjectConfigurationPlatforms) = postSolution
		{8A8BCD46-CC68-44E0-92BF-421AC8C1A711}.Debug|Any CPU.ActiveCfg = Debug|Any CPU
		{8A8BCD46-CC68-44E0-92BF-421AC8C1A711}.Debug|Any CPU.Build.0 = Debug|Any CPU
		{8A8BCD46-CC68-44E0-92BF-421AC8C1A711}.Release|Any CPU.ActiveCfg = Release|Any CPU
		{8A8BCD46-CC68-44E0-92BF-421AC8C1A711}.Release|Any CPU.Build.0 = Release|Any CPU
	EndGlobalSection
	GlobalSection(SolutionProperties) = preSolution
		HideSolutionNode = FALSE
	EndGlobalSection
	GlobalSection(ExtensibilityGlobals) = postSolution
		SolutionGuid = {75E2705C-04AB-4442-BDE1-52BDF17E0A46}
	EndGlobalSection
EndGlobal
