
Microsoft Visual Studio Solution File, Format Version 12.00
# Visual Studio Version 17
VisualStudioVersion = 17.1.32228.430
MinimumVisualStudioVersion = 10.0.40219.1
Project("{FAE04EC0-301F-11D3-BF4B-00C04F79EFBC}") = "DuplicateCharacter", "DuplicateCharacter\DuplicateCharacter.csproj", "{CC088FA9-A91E-4C0B-A3D0-EBD6EA5CDA54}"
EndProject
Global
	GlobalSection(SolutionConfigurationPlatforms) = preSolution
		Debug|Any CPU = Debug|Any CPU
		Release|Any CPU = Release|Any CPU
	EndGlobalSection
	GlobalSection(ProjectConfigurationPlatforms) = postSolution
		{CC088FA9-A91E-4C0B-A3D0-EBD6EA5CDA54}.Debug|Any CPU.ActiveCfg = Debug|Any CPU
		{CC088FA9-A91E-4C0B-A3D0-EBD6EA5CDA54}.Debug|Any CPU.Build.0 = Debug|Any CPU
		{CC088FA9-A91E-4C0B-A3D0-EBD6EA5CDA54}.Release|Any CPU.ActiveCfg = Release|Any CPU
		{CC088FA9-A91E-4C0B-A3D0-EBD6EA5CDA54}.Release|Any CPU.Build.0 = Release|Any CPU
	EndGlobalSection
	GlobalSection(SolutionProperties) = preSolution
		HideSolutionNode = FALSE
	EndGlobalSection
	GlobalSection(ExtensibilityGlobals) = postSolution
		SolutionGuid = {215E5D59-DDAC-477F-AD09-322F8743D157}
	EndGlobalSection
EndGlobal
